
Microsoft Visual Studio Solution File, Format Version 12.00
# Visual Studio Version 17
VisualStudioVersion = 17.3.32922.545
MinimumVisualStudioVersion = 10.0.40219.1
Project("{FAE04EC0-301F-11D3-BF4B-00C04F79EFBC}") = "lecture 6", "lecture 6\lecture 6.csproj", "{DB9DBDCD-BBB4-4859-927E-14275F4511F2}"
EndProject
Global
	GlobalSection(SolutionConfigurationPlatforms) = preSolution
		Debug|Any CPU = Debug|Any CPU
		Release|Any CPU = Release|Any CPU
	EndGlobalSection
	GlobalSection(ProjectConfigurationPlatforms) = postSolution
		{DB9DBDCD-BBB4-4859-927E-14275F4511F2}.Debug|Any CPU.ActiveCfg = Debug|Any CPU
		{DB9DBDCD-BBB4-4859-927E-14275F4511F2}.Debug|Any CPU.Build.0 = Debug|Any CPU
		{DB9DBDCD-BBB4-4859-927E-14275F4511F2}.Release|Any CPU.ActiveCfg = Release|Any CPU
		{DB9DBDCD-BBB4-4859-927E-14275F4511F2}.Release|Any CPU.Build.0 = Release|Any CPU
	EndGlobalSection
	GlobalSection(SolutionProperties) = preSolution
		HideSolutionNode = FALSE
	EndGlobalSection
	GlobalSection(ExtensibilityGlobals) = postSolution
		SolutionGuid = {79DB4393-94CC-4E5D-B4DB-9E21247AA24D}
	EndGlobalSection
EndGlobal
