
Microsoft Visual Studio Solution File, Format Version 12.00
# Visual Studio Version 17
VisualStudioVersion = 17.3.32922.545
MinimumVisualStudioVersion = 10.0.40219.1
Project("{9A19103F-16F7-4668-BE54-9A1E7A4F7556}") = "lecture 3", "lecture 3\lecture 3.csproj", "{7932FDEC-723F-421F-BB72-B76215304D04}"
EndProject
Global
	GlobalSection(SolutionConfigurationPlatforms) = preSolution
		Debug|Any CPU = Debug|Any CPU
		Debug|x64 = Debug|x64
		Release|Any CPU = Release|Any CPU
		Release|x64 = Release|x64
	EndGlobalSection
	GlobalSection(ProjectConfigurationPlatforms) = postSolution
		{7932FDEC-723F-421F-BB72-B76215304D04}.Debug|Any CPU.ActiveCfg = Debug|Any CPU
		{7932FDEC-723F-421F-BB72-B76215304D04}.Debug|Any CPU.Build.0 = Debug|Any CPU
		{7932FDEC-723F-421F-BB72-B76215304D04}.Debug|x64.ActiveCfg = Debug|x64
		{7932FDEC-723F-421F-BB72-B76215304D04}.Debug|x64.Build.0 = Debug|x64
		{7932FDEC-723F-421F-BB72-B76215304D04}.Release|Any CPU.ActiveCfg = Release|Any CPU
		{7932FDEC-723F-421F-BB72-B76215304D04}.Release|Any CPU.Build.0 = Release|Any CPU
		{7932FDEC-723F-421F-BB72-B76215304D04}.Release|x64.ActiveCfg = Release|x64
		{7932FDEC-723F-421F-BB72-B76215304D04}.Release|x64.Build.0 = Release|x64
	EndGlobalSection
	GlobalSection(SolutionProperties) = preSolution
		HideSolutionNode = FALSE
	EndGlobalSection
	GlobalSection(ExtensibilityGlobals) = postSolution
		SolutionGuid = {F7ECEE25-B15E-4140-BE90-3FE94735A772}
	EndGlobalSection
EndGlobal
